
Microsoft Visual Studio Solution File, Format Version 12.00
# Visual Studio Version 16
VisualStudioVersion = 16.0.30804.86
MinimumVisualStudioVersion = 15.0.26124.0
Project("{9A19103F-16F7-4668-BE54-9A1E7A4F7556}") = "Models", "Models\Models.csproj", "{8CC3ECB2-5E72-4783-A47C-AADA88E8FAE3}"
EndProject
Project("{9A19103F-16F7-4668-BE54-9A1E7A4F7556}") = "Web", "Web\Web.csproj", "{B8171C02-3459-4946-8778-63484B4E6876}"
EndProject
Project("{9A19103F-16F7-4668-BE54-9A1E7A4F7556}") = "Api", "Api\Api.csproj", "{996754FC-33D8-4D9C-88AE-57AA517262B7}"
EndProject
Global
	GlobalSection(SolutionConfigurationPlatforms) = preSolution
		Debug|Any CPU = Debug|Any CPU
		Debug|x64 = Debug|x64
		Debug|x86 = Debug|x86
		Release|Any CPU = Release|Any CPU
		Release|x64 = Release|x64
		Release|x86 = Release|x86
	EndGlobalSection
	GlobalSection(ProjectConfigurationPlatforms) = postSolution
		{8CC3ECB2-5E72-4783-A47C-AADA88E8FAE3}.Debug|Any CPU.ActiveCfg = Debug|Any CPU
		{8CC3ECB2-5E72-4783-A47C-AADA88E8FAE3}.Debug|Any CPU.Build.0 = Debug|Any CPU
		{8CC3ECB2-5E72-4783-A47C-AADA88E8FAE3}.Debug|x64.ActiveCfg = Debug|Any CPU
		{8CC3ECB2-5E72-4783-A47C-AADA88E8FAE3}.Debug|x64.Build.0 = Debug|Any CPU
		{8CC3ECB2-5E72-4783-A47C-AADA88E8FAE3}.Debug|x86.ActiveCfg = Debug|Any CPU
		{8CC3ECB2-5E72-4783-A47C-AADA88E8FAE3}.Debug|x86.Build.0 = Debug|Any CPU
		{8CC3ECB2-5E72-4783-A47C-AADA88E8FAE3}.Release|Any CPU.ActiveCfg = Release|Any CPU
		{8CC3ECB2-5E72-4783-A47C-AADA88E8FAE3}.Release|Any CPU.Build.0 = Release|Any CPU
		{8CC3ECB2-5E72-4783-A47C-AADA88E8FAE3}.Release|x64.ActiveCfg = Release|Any CPU
		{8CC3ECB2-5E72-4783-A47C-AADA88E8FAE3}.Release|x64.Build.0 = Release|Any CPU
		{8CC3ECB2-5E72-4783-A47C-AADA88E8FAE3}.Release|x86.ActiveCfg = Release|Any CPU
		{8CC3ECB2-5E72-4783-A47C-AADA88E8FAE3}.Release|x86.Build.0 = Release|Any CPU
		{B8171C02-3459-4946-8778-63484B4E6876}.Debug|Any CPU.ActiveCfg = Debug|Any CPU
		{B8171C02-3459-4946-8778-63484B4E6876}.Debug|Any CPU.Build.0 = Debug|Any CPU
		{B8171C02-3459-4946-8778-63484B4E6876}.Debug|x64.ActiveCfg = Debug|Any CPU
		{B8171C02-3459-4946-8778-63484B4E6876}.Debug|x64.Build.0 = Debug|Any CPU
		{B8171C02-3459-4946-8778-63484B4E6876}.Debug|x86.ActiveCfg = Debug|Any CPU
		{B8171C02-3459-4946-8778-63484B4E6876}.Debug|x86.Build.0 = Debug|Any CPU
		{B8171C02-3459-4946-8778-63484B4E6876}.Release|Any CPU.ActiveCfg = Release|Any CPU
		{B8171C02-3459-4946-8778-63484B4E6876}.Release|Any CPU.Build.0 = Release|Any CPU
		{B8171C02-3459-4946-8778-63484B4E6876}.Release|x64.ActiveCfg = Release|Any CPU
		{B8171C02-3459-4946-8778-63484B4E6876}.Release|x64.Build.0 = Release|Any CPU
		{B8171C02-3459-4946-8778-63484B4E6876}.Release|x86.ActiveCfg = Release|Any CPU
		{B8171C02-3459-4946-8778-63484B4E6876}.Release|x86.Build.0 = Release|Any CPU
		{996754FC-33D8-4D9C-88AE-57AA517262B7}.Debug|Any CPU.ActiveCfg = Debug|Any CPU
		{996754FC-33D8-4D9C-88AE-57AA517262B7}.Debug|Any CPU.Build.0 = Debug|Any CPU
		{996754FC-33D8-4D9C-88AE-57AA517262B7}.Debug|x64.ActiveCfg = Debug|Any CPU
		{996754FC-33D8-4D9C-88AE-57AA517262B7}.Debug|x64.Build.0 = Debug|Any CPU
		{996754FC-33D8-4D9C-88AE-57AA517262B7}.Debug|x86.ActiveCfg = Debug|Any CPU
		{996754FC-33D8-4D9C-88AE-57AA517262B7}.Debug|x86.Build.0 = Debug|Any CPU
		{996754FC-33D8-4D9C-88AE-57AA517262B7}.Release|Any CPU.ActiveCfg = Release|Any CPU
		{996754FC-33D8-4D9C-88AE-57AA517262B7}.Release|Any CPU.Build.0 = Release|Any CPU
		{996754FC-33D8-4D9C-88AE-57AA517262B7}.Release|x64.ActiveCfg = Release|Any CPU
		{996754FC-33D8-4D9C-88AE-57AA517262B7}.Release|x64.Build.0 = Release|Any CPU
		{996754FC-33D8-4D9C-88AE-57AA517262B7}.Release|x86.ActiveCfg = Release|Any CPU
		{996754FC-33D8-4D9C-88AE-57AA517262B7}.Release|x86.Build.0 = Release|Any CPU
	EndGlobalSection
	GlobalSection(SolutionProperties) = preSolution
		HideSolutionNode = FALSE
	EndGlobalSection
	GlobalSection(ExtensibilityGlobals) = postSolution
		SolutionGuid = {63897592-26B0-4EAF-83F3-D911474C6BA1}
	EndGlobalSection
EndGlobal
